// !$*UTF8*$!
{
	archiveVersion = 1;
	classes = {
	};
	objectVersion = 50;
	objects = {

/* Begin PBXBuildFile section */
		5B6B728F2244EAA400A344E6 /* AppDelegate.swift in Sources */ = {isa = PBXBuildFile; fileRef = 5B6B728E2244EAA400A344E6 /* AppDelegate.swift */; };
		5B6B72912244EAA400A344E6 /* ViewController.swift in Sources */ = {isa = PBXBuildFile; fileRef = 5B6B72902244EAA400A344E6 /* ViewController.swift */; };
		5B6B72942244EAA400A344E6 /* Main.storyboard in Resources */ = {isa = PBXBuildFile; fileRef = 5B6B72922244EAA400A344E6 /* Main.storyboard */; };
		5B6B72962244EAA700A344E6 /* Assets.xcassets in Resources */ = {isa = PBXBuildFile; fileRef = 5B6B72952244EAA700A344E6 /* Assets.xcassets */; };
		5B6B72992244EAA700A344E6 /* LaunchScreen.storyboard in Resources */ = {isa = PBXBuildFile; fileRef = 5B6B72972244EAA700A344E6 /* LaunchScreen.storyboard */; };
		5B6B72A42244EAA700A344E6 /* unit_testingTests.swift in Sources */ = {isa = PBXBuildFile; fileRef = 5B6B72A32244EAA700A344E6 /* unit_testingTests.swift */; };
		5B6B72AF2244EAA700A344E6 /* unit_testingUITests.swift in Sources */ = {isa = PBXBuildFile; fileRef = 5B6B72AE2244EAA700A344E6 /* unit_testingUITests.swift */; };
/* End PBXBuildFile section */

/* Begin PBXContainerItemProxy section */
		5B6B72A02244EAA700A344E6 /* PBXContainerItemProxy */ = {
			isa = PBXContainerItemProxy;
			containerPortal = 5B6B72832244EAA400A344E6 /* Project object */;
			proxyType = 1;
			remoteGlobalIDString = 5B6B728A2244EAA400A344E6;
			remoteInfo = "unit-testing";
		};
		5B6B72AB2244EAA700A344E6 /* PBXContainerItemProxy */ = {
			isa = PBXContainerItemProxy;
			containerPortal = 5B6B72832244EAA400A344E6 /* Project object */;
			proxyType = 1;
			remoteGlobalIDString = 5B6B728A2244EAA400A344E6;
			remoteInfo = "unit-testing";
		};
/* End PBXContainerItemProxy section */

/* Begin PBXFileReference section */
		5B6B728B2244EAA400A344E6 /* unit-testing.app */ = {isa = PBXFileReference; explicitFileType = wrapper.application; includeInIndex = 0; path = "unit-testing.app"; sourceTree = BUILT_PRODUCTS_DIR; };
		5B6B728E2244EAA400A344E6 /* AppDelegate.swift */ = {isa = PBXFileReference; lastKnownFileType = sourcecode.swift; path = AppDelegate.swift; sourceTree = "<group>"; };
		5B6B72902244EAA400A344E6 /* ViewController.swift */ = {isa = PBXFileReference; lastKnownFileType = sourcecode.swift; path = ViewController.swift; sourceTree = "<group>"; };
		5B6B72932244EAA400A344E6 /* Base */ = {isa = PBXFileReference; lastKnownFileType = file.storyboard; name = Base; path = Base.lproj/Main.storyboard; sourceTree = "<group>"; };
		5B6B72952244EAA700A344E6 /* Assets.xcassets */ = {isa = PBXFileReference; lastKnownFileType = folder.assetcatalog; path = Assets.xcassets; sourceTree = "<group>"; };
		5B6B72982244EAA700A344E6 /* Base */ = {isa = PBXFileReference; lastKnownFileType = file.storyboard; name = Base; path = Base.lproj/LaunchScreen.storyboard; sourceTree = "<group>"; };
		5B6B729A2244EAA700A344E6 /* Info.plist */ = {isa = PBXFileReference; lastKnownFileType = text.plist.xml; path = Info.plist; sourceTree = "<group>"; };
		5B6B729F2244EAA700A344E6 /* unit-testingTests.xctest */ = {isa = PBXFileReference; explicitFileType = wrapper.cfbundle; includeInIndex = 0; path = "unit-testingTests.xctest"; sourceTree = BUILT_PRODUCTS_DIR; };
		5B6B72A32244EAA700A344E6 /* unit_testingTests.swift */ = {isa = PBXFileReference; lastKnownFileType = sourcecode.swift; path = unit_testingTests.swift; sourceTree = "<group>"; };
		5B6B72A52244EAA700A344E6 /* Info.plist */ = {isa = PBXFileReference; lastKnownFileType = text.plist.xml; path = Info.plist; sourceTree = "<group>"; };
		5B6B72AA2244EAA700A344E6 /* unit-testingUITests.xctest */ = {isa = PBXFileReference; explicitFileType = wrapper.cfbundle; includeInIndex = 0; path = "unit-testingUITests.xctest"; sourceTree = BUILT_PRODUCTS_DIR; };
		5B6B72AE2244EAA700A344E6 /* unit_testingUITests.swift */ = {isa = PBXFileReference; lastKnownFileType = sourcecode.swift; path = unit_testingUITests.swift; sourceTree = "<group>"; };
		5B6B72B02244EAA700A344E6 /* Info.plist */ = {isa = PBXFileReference; lastKnownFileType = text.plist.xml; path = Info.plist; sourceTree = "<group>"; };
/* End PBXFileReference section */

/* Begin PBXFrameworksBuildPhase section */
		5B6B72882244EAA400A344E6 /* Frameworks */ = {
			isa = PBXFrameworksBuildPhase;
			buildActionMask = 2147483647;
			files = (
			);
			runOnlyForDeploymentPostprocessing = 0;
		};
		5B6B729C2244EAA700A344E6 /* Frameworks */ = {
			isa = PBXFrameworksBuildPhase;
			buildActionMask = 2147483647;
			files = (
			);
			runOnlyForDeploymentPostprocessing = 0;
		};
		5B6B72A72244EAA700A344E6 /* Frameworks */ = {
			isa = PBXFrameworksBuildPhase;
			buildActionMask = 2147483647;
			files = (
			);
			runOnlyForDeploymentPostprocessing = 0;
		};
/* End PBXFrameworksBuildPhase section */

/* Begin PBXGroup section */
		5B6B72822244EAA400A344E6 = {
			isa = PBXGroup;
			children = (
				5B6B728D2244EAA400A344E6 /* unit-testing */,
				5B6B72A22244EAA700A344E6 /* unit-testingTests */,
				5B6B72AD2244EAA700A344E6 /* unit-testingUITests */,
				5B6B728C2244EAA400A344E6 /* Products */,
			);
			sourceTree = "<group>";
		};
		5B6B728C2244EAA400A344E6 /* Products */ = {
			isa = PBXGroup;
			children = (
				5B6B728B2244EAA400A344E6 /* unit-testing.app */,
				5B6B729F2244EAA700A344E6 /* unit-testingTests.xctest */,
				5B6B72AA2244EAA700A344E6 /* unit-testingUITests.xctest */,
			);
			name = Products;
			sourceTree = "<group>";
		};
		5B6B728D2244EAA400A344E6 /* unit-testing */ = {
			isa = PBXGroup;
			children = (
				5B6B728E2244EAA400A344E6 /* AppDelegate.swift */,
				5B6B72902244EAA400A344E6 /* ViewController.swift */,
				5B6B72922244EAA400A344E6 /* Main.storyboard */,
				5B6B72952244EAA700A344E6 /* Assets.xcassets */,
				5B6B72972244EAA700A344E6 /* LaunchScreen.storyboard */,
				5B6B729A2244EAA700A344E6 /* Info.plist */,
			);
			path = "unit-testing";
			sourceTree = "<group>";
		};
		5B6B72A22244EAA700A344E6 /* unit-testingTests */ = {
			isa = PBXGroup;
			children = (
				5B6B72A32244EAA700A344E6 /* unit_testingTests.swift */,
				5B6B72A52244EAA700A344E6 /* Info.plist */,
			);
			path = "unit-testingTests";
			sourceTree = "<group>";
		};
		5B6B72AD2244EAA700A344E6 /* unit-testingUITests */ = {
			isa = PBXGroup;
			children = (
				5B6B72AE2244EAA700A344E6 /* unit_testingUITests.swift */,
				5B6B72B02244EAA700A344E6 /* Info.plist */,
			);
			path = "unit-testingUITests";
			sourceTree = "<group>";
		};
/* End PBXGroup section */

/* Begin PBXNativeTarget section */
		5B6B728A2244EAA400A344E6 /* unit-testing */ = {
			isa = PBXNativeTarget;
			buildConfigurationList = 5B6B72B32244EAA700A344E6 /* Build configuration list for PBXNativeTarget "unit-testing" */;
			buildPhases = (
				5B6B72872244EAA400A344E6 /* Sources */,
				5B6B72882244EAA400A344E6 /* Frameworks */,
				5B6B72892244EAA400A344E6 /* Resources */,
			);
			buildRules = (
			);
			dependencies = (
			);
			name = "unit-testing";
			productName = "unit-testing";
			productReference = 5B6B728B2244EAA400A344E6 /* unit-testing.app */;
			productType = "com.apple.product-type.application";
		};
		5B6B729E2244EAA700A344E6 /* unit-testingTests */ = {
			isa = PBXNativeTarget;
			buildConfigurationList = 5B6B72B62244EAA700A344E6 /* Build configuration list for PBXNativeTarget "unit-testingTests" */;
			buildPhases = (
				5B6B729B2244EAA700A344E6 /* Sources */,
				5B6B729C2244EAA700A344E6 /* Frameworks */,
				5B6B729D2244EAA700A344E6 /* Resources */,
			);
			buildRules = (
			);
			dependencies = (
				5B6B72A12244EAA700A344E6 /* PBXTargetDependency */,
			);
			name = "unit-testingTests";
			productName = "unit-testingTests";
			productReference = 5B6B729F2244EAA700A344E6 /* unit-testingTests.xctest */;
			productType = "com.apple.product-type.bundle.unit-test";
		};
		5B6B72A92244EAA700A344E6 /* unit-testingUITests */ = {
			isa = PBXNativeTarget;
			buildConfigurationList = 5B6B72B92244EAA700A344E6 /* Build configuration list for PBXNativeTarget "unit-testingUITests" */;
			buildPhases = (
				5B6B72A62244EAA700A344E6 /* Sources */,
				5B6B72A72244EAA700A344E6 /* Frameworks */,
				5B6B72A82244EAA700A344E6 /* Resources */,
			);
			buildRules = (
			);
			dependencies = (
				5B6B72AC2244EAA700A344E6 /* PBXTargetDependency */,
			);
			name = "unit-testingUITests";
			productName = "unit-testingUITests";
			productReference = 5B6B72AA2244EAA700A344E6 /* unit-testingUITests.xctest */;
			productType = "com.apple.product-type.bundle.ui-testing";
		};
/* End PBXNativeTarget section */

/* Begin PBXProject section */
		5B6B72832244EAA400A344E6 /* Project object */ = {
			isa = PBXProject;
			attributes = {
				LastSwiftUpdateCheck = 1010;
				LastUpgradeCheck = 1010;
				ORGANIZATIONNAME = "Chris J W Walker";
				TargetAttributes = {
					5B6B728A2244EAA400A344E6 = {
						CreatedOnToolsVersion = 10.1;
					};
					5B6B729E2244EAA700A344E6 = {
						CreatedOnToolsVersion = 10.1;
						TestTargetID = 5B6B728A2244EAA400A344E6;
					};
					5B6B72A92244EAA700A344E6 = {
						CreatedOnToolsVersion = 10.1;
						TestTargetID = 5B6B728A2244EAA400A344E6;
					};
				};
			};
			buildConfigurationList = 5B6B72862244EAA400A344E6 /* Build configuration list for PBXProject "unit-testing" */;
			compatibilityVersion = "Xcode 9.3";
			developmentRegion = en;
			hasScannedForEncodings = 0;
			knownRegions = (
				en,
				Base,
			);
			mainGroup = 5B6B72822244EAA400A344E6;
			productRefGroup = 5B6B728C2244EAA400A344E6 /* Products */;
			projectDirPath = "";
			projectRoot = "";
			targets = (
				5B6B728A2244EAA400A344E6 /* unit-testing */,
				5B6B729E2244EAA700A344E6 /* unit-testingTests */,
				5B6B72A92244EAA700A344E6 /* unit-testingUITests */,
			);
		};
/* End PBXProject section */

/* Begin PBXResourcesBuildPhase section */
		5B6B72892244EAA400A344E6 /* Resources */ = {
			isa = PBXResourcesBuildPhase;
			buildActionMask = 2147483647;
			files = (
				5B6B72992244EAA700A344E6 /* LaunchScreen.storyboard in Resources */,
				5B6B72962244EAA700A344E6 /* Assets.xcassets in Resources */,
				5B6B72942244EAA400A344E6 /* Main.storyboard in Resources */,
			);
			runOnlyForDeploymentPostprocessing = 0;
		};
		5B6B729D2244EAA700A344E6 /* Resources */ = {
			isa = PBXResourcesBuildPhase;
			buildActionMask = 2147483647;
			files = (
			);
			runOnlyForDeploymentPostprocessing = 0;
		};
		5B6B72A82244EAA700A344E6 /* Resources */ = {
			isa = PBXResourcesBuildPhase;
			buildActionMask = 2147483647;
			files = (
			);
			runOnlyForDeploymentPostprocessing = 0;
		};
/* End PBXResourcesBuildPhase section */

/* Begin PBXSourcesBuildPhase section */
		5B6B72872244EAA400A344E6 /* Sources */ = {
			isa = PBXSourcesBuildPhase;
			buildActionMask = 2147483647;
			files = (
				5B6B72912244EAA400A344E6 /* ViewController.swift in Sources */,
				5B6B728F2244EAA400A344E6 /* AppDelegate.swift in Sources */,
			);
			runOnlyForDeploymentPostprocessing = 0;
		};
		5B6B729B2244EAA700A344E6 /* Sources */ = {
			isa = PBXSourcesBuildPhase;
			buildActionMask = 2147483647;
			files = (
				5B6B72A42244EAA700A344E6 /* unit_testingTests.swift in Sources */,
			);
			runOnlyForDeploymentPostprocessing = 0;
		};
		5B6B72A62244EAA700A344E6 /* Sources */ = {
			isa = PBXSourcesBuildPhase;
			buildActionMask = 2147483647;
			files = (
				5B6B72AF2244EAA700A344E6 /* unit_testingUITests.swift in Sources */,
			);
			runOnlyForDeploymentPostprocessing = 0;
		};
/* End PBXSourcesBuildPhase section */

/* Begin PBXTargetDependency section */
		5B6B72A12244EAA700A344E6 /* PBXTargetDependency */ = {
			isa = PBXTargetDependency;
			target = 5B6B728A2244EAA400A344E6 /* unit-testing */;
			targetProxy = 5B6B72A02244EAA700A344E6 /* PBXContainerItemProxy */;
		};
		5B6B72AC2244EAA700A344E6 /* PBXTargetDependency */ = {
			isa = PBXTargetDependency;
			target = 5B6B728A2244EAA400A344E6 /* unit-testing */;
			targetProxy = 5B6B72AB2244EAA700A344E6 /* PBXContainerItemProxy */;
		};
/* End PBXTargetDependency section */

/* Begin PBXVariantGroup section */
		5B6B72922244EAA400A344E6 /* Main.storyboard */ = {
			isa = PBXVariantGroup;
			children = (
				5B6B72932244EAA400A344E6 /* Base */,
			);
			name = Main.storyboard;
			sourceTree = "<group>";
		};
		5B6B72972244EAA700A344E6 /* LaunchScreen.storyboard */ = {
			isa = PBXVariantGroup;
			children = (
				5B6B72982244EAA700A344E6 /* Base */,
			);
			name = LaunchScreen.storyboard;
			sourceTree = "<group>";
		};
/* End PBXVariantGroup section */

/* Begin XCBuildConfiguration section */
		5B6B72B12244EAA700A344E6 /* Debug */ = {
			isa = XCBuildConfiguration;
			buildSettings = {
				ALWAYS_SEARCH_USER_PATHS = NO;
				CLANG_ANALYZER_NONNULL = YES;
				CLANG_ANALYZER_NUMBER_OBJECT_CONVERSION = YES_AGGRESSIVE;
				CLANG_CXX_LANGUAGE_STANDARD = "gnu++14";
				CLANG_CXX_LIBRARY = "libc++";
				CLANG_ENABLE_MODULES = YES;
				CLANG_ENABLE_OBJC_ARC = YES;
				CLANG_ENABLE_OBJC_WEAK = YES;
				CLANG_WARN_BLOCK_CAPTURE_AUTORELEASING = YES;
				CLANG_WARN_BOOL_CONVERSION = YES;
				CLANG_WARN_COMMA = YES;
				CLANG_WARN_CONSTANT_CONVERSION = YES;
				CLANG_WARN_DEPRECATED_OBJC_IMPLEMENTATIONS = YES;
				CLANG_WARN_DIRECT_OBJC_ISA_USAGE = YES_ERROR;
				CLANG_WARN_DOCUMENTATION_COMMENTS = YES;
				CLANG_WARN_EMPTY_BODY = YES;
				CLANG_WARN_ENUM_CONVERSION = YES;
				CLANG_WARN_INFINITE_RECURSION = YES;
				CLANG_WARN_INT_CONVERSION = YES;
				CLANG_WARN_NON_LITERAL_NULL_CONVERSION = YES;
				CLANG_WARN_OBJC_IMPLICIT_RETAIN_SELF = YES;
				CLANG_WARN_OBJC_LITERAL_CONVERSION = YES;
				CLANG_WARN_OBJC_ROOT_CLASS = YES_ERROR;
				CLANG_WARN_RANGE_LOOP_ANALYSIS = YES;
				CLANG_WARN_STRICT_PROTOTYPES = YES;
				CLANG_WARN_SUSPICIOUS_MOVE = YES;
				CLANG_WARN_UNGUARDED_AVAILABILITY = YES_AGGRESSIVE;
				CLANG_WARN_UNREACHABLE_CODE = YES;
				CLANG_WARN__DUPLICATE_METHOD_MATCH = YES;
				CODE_SIGN_IDENTITY = "iPhone Developer";
				COPY_PHASE_STRIP = NO;
				DEBUG_INFORMATION_FORMAT = dwarf;
				ENABLE_STRICT_OBJC_MSGSEND = YES;
				ENABLE_TESTABILITY = YES;
				GCC_C_LANGUAGE_STANDARD = gnu11;
				GCC_DYNAMIC_NO_PIC = NO;
				GCC_NO_COMMON_BLOCKS = YES;
				GCC_OPTIMIZATION_LEVEL = 0;
				GCC_PREPROCESSOR_DEFINITIONS = (
					"DEBUG=1",
					"$(inherited)",
				);
				GCC_WARN_64_TO_32_BIT_CONVERSION = YES;
				GCC_WARN_ABOUT_RETURN_TYPE = YES_ERROR;
				GCC_WARN_UNDECLARED_SELECTOR = YES;
				GCC_WARN_UNINITIALIZED_AUTOS = YES_AGGRESSIVE;
				GCC_WARN_UNUSED_FUNCTION = YES;
				GCC_WARN_UNUSED_VARIABLE = YES;
				IPHONEOS_DEPLOYMENT_TARGET = 12.1;
				MTL_ENABLE_DEBUG_INFO = INCLUDE_SOURCE;
				MTL_FAST_MATH = YES;
				ONLY_ACTIVE_ARCH = YES;
				SDKROOT = iphoneos;
				SWIFT_ACTIVE_COMPILATION_CONDITIONS = DEBUG;
				SWIFT_OPTIMIZATION_LEVEL = "-Onone";
			};
			name = Debug;
		};
		5B6B72B22244EAA700A344E6 /* Release */ = {
			isa = XCBuildConfiguration;
			buildSettings = {
				ALWAYS_SEARCH_USER_PATHS = NO;
				CLANG_ANALYZER_NONNULL = YES;
				CLANG_ANALYZER_NUMBER_OBJECT_CONVERSION = YES_AGGRESSIVE;
				CLANG_CXX_LANGUAGE_STANDARD = "gnu++14";
				CLANG_CXX_LIBRARY = "libc++";
				CLANG_ENABLE_MODULES = YES;
				CLANG_ENABLE_OBJC_ARC = YES;
				CLANG_ENABLE_OBJC_WEAK = YES;
				CLANG_WARN_BLOCK_CAPTURE_AUTORELEASING = YES;
				CLANG_WARN_BOOL_CONVERSION = YES;
				CLANG_WARN_COMMA = YES;
				CLANG_WARN_CONSTANT_CONVERSION = YES;
				CLANG_WARN_DEPRECATED_OBJC_IMPLEMENTATIONS = YES;
				CLANG_WARN_DIRECT_OBJC_ISA_USAGE = YES_ERROR;
				CLANG_WARN_DOCUMENTATION_COMMENTS = YES;
				CLANG_WARN_EMPTY_BODY = YES;
				CLANG_WARN_ENUM_CONVERSION = YES;
				CLANG_WARN_INFINITE_RECURSION = YES;
				CLANG_WARN_INT_CONVERSION = YES;
				CLANG_WARN_NON_LITERAL_NULL_CONVERSION = YES;
				CLANG_WARN_OBJC_IMPLICIT_RETAIN_SELF = YES;
				CLANG_WARN_OBJC_LITERAL_CONVERSION = YES;
				CLANG_WARN_OBJC_ROOT_CLASS = YES_ERROR;
				CLANG_WARN_RANGE_LOOP_ANALYSIS = YES;
				CLANG_WARN_STRICT_PROTOTYPES = YES;
				CLANG_WARN_SUSPICIOUS_MOVE = YES;
				CLANG_WARN_UNGUARDED_AVAILABILITY = YES_AGGRESSIVE;
				CLANG_WARN_UNREACHABLE_CODE = YES;
				CLANG_WARN__DUPLICATE_METHOD_MATCH = YES;
				CODE_SIGN_IDENTITY = "iPhone Developer";
				COPY_PHASE_STRIP = NO;
				DEBUG_INFORMATION_FORMAT = "dwarf-with-dsym";
				ENABLE_NS_ASSERTIONS = NO;
				ENABLE_STRICT_OBJC_MSGSEND = YES;
				GCC_C_LANGUAGE_STANDARD = gnu11;
				GCC_NO_COMMON_BLOCKS = YES;
				GCC_WARN_64_TO_32_BIT_CONVERSION = YES;
				GCC_WARN_ABOUT_RETURN_TYPE = YES_ERROR;
				GCC_WARN_UNDECLARED_SELECTOR = YES;
				GCC_WARN_UNINITIALIZED_AUTOS = YES_AGGRESSIVE;
				GCC_WARN_UNUSED_FUNCTION = YES;
				GCC_WARN_UNUSED_VARIABLE = YES;
				IPHONEOS_DEPLOYMENT_TARGET = 12.1;
				MTL_ENABLE_DEBUG_INFO = NO;
				MTL_FAST_MATH = YES;
				SDKROOT = iphoneos;
				SWIFT_COMPILATION_MODE = wholemodule;
				SWIFT_OPTIMIZATION_LEVEL = "-O";
				VALIDATE_PRODUCT = YES;
			};
			name = Release;
		};
		5B6B72B42244EAA700A344E6 /* Debug */ = {
			isa = XCBuildConfiguration;
			buildSettings = {
				ASSETCATALOG_COMPILER_APPICON_NAME = AppIcon;
				CODE_SIGN_STYLE = Automatic;
				INFOPLIST_FILE = "unit-testing/Info.plist";
				LD_RUNPATH_SEARCH_PATHS = (
					"$(inherited)",
					"@executable_path/Frameworks",
				);
				PRODUCT_BUNDLE_IDENTIFIER = "com.cjwwdev.mobile.unit-testing";
				PRODUCT_NAME = "$(TARGET_NAME)";
				SWIFT_VERSION = 4.2;
				TARGETED_DEVICE_FAMILY = "1,2";
			};
			name = Debug;
		};
		5B6B72B52244EAA700A344E6 /* Release */ = {
			isa = XCBuildConfiguration;
			buildSettings = {
				ASSETCATALOG_COMPILER_APPICON_NAME = AppIcon;
				CODE_SIGN_STYLE = Automatic;
				INFOPLIST_FILE = "unit-testing/Info.plist";
				LD_RUNPATH_SEARCH_PATHS = (
					"$(inherited)",
					"@executable_path/Frameworks",
				);
				PRODUCT_BUNDLE_IDENTIFIER = "com.cjwwdev.mobile.unit-testing";
				PRODUCT_NAME = "$(TARGET_NAME)";
				SWIFT_VERSION = 4.2;
				TARGETED_DEVICE_FAMILY = "1,2";
			};
			name = Release;
		};
		5B6B72B72244EAA700A344E6 /* Debug */ = {
			isa = XCBuildConfiguration;
			buildSettings = {
				ALWAYS_EMBED_SWIFT_STANDARD_LIBRARIES = YES;
				BUNDLE_LOADER = "$(TEST_HOST)";
				CODE_SIGN_STYLE = Automatic;
				INFOPLIST_FILE = "unit-testingTests/Info.plist";
				LD_RUNPATH_SEARCH_PATHS = (
					"$(inherited)",
					"@executable_path/Frameworks",
					"@loader_path/Frameworks",
				);
				PRODUCT_BUNDLE_IDENTIFIER = "com.cjwwdev.mobile.unit-testingTests";
				PRODUCT_NAME = "$(TARGET_NAME)";
				SWIFT_VERSION = 4.2;
				TARGETED_DEVICE_FAMILY = "1,2";
				TEST_HOST = "$(BUILT_PRODUCTS_DIR)/unit-testing.app/unit-testing";
			};
			name = Debug;
		};
		5B6B72B82244EAA700A344E6 /* Release */ = {
			isa = XCBuildConfiguration;
			buildSettings = {
				ALWAYS_EMBED_SWIFT_STANDARD_LIBRARIES = YES;
				BUNDLE_LOADER = "$(TEST_HOST)";
				CODE_SIGN_STYLE = Automatic;
				INFOPLIST_FILE = "unit-testingTests/Info.plist";
				LD_RUNPATH_SEARCH_PATHS = (
					"$(inherited)",
					"@executable_path/Frameworks",
					"@loader_path/Frameworks",
				);
				PRODUCT_BUNDLE_IDENTIFIER = "com.cjwwdev.mobile.unit-testingTests";
				PRODUCT_NAME = "$(TARGET_NAME)";
				SWIFT_VERSION = 4.2;
				TARGETED_DEVICE_FAMILY = "1,2";
				TEST_HOST = "$(BUILT_PRODUCTS_DIR)/unit-testing.app/unit-testing";
			};
			name = Release;
		};
		5B6B72BA2244EAA700A344E6 /* Debug */ = {
			isa = XCBuildConfiguration;
			buildSettings = {
				ALWAYS_EMBED_SWIFT_STANDARD_LIBRARIES = YES;
				CODE_SIGN_STYLE = Automatic;
				INFOPLIST_FILE = "unit-testingUITests/Info.plist";
				LD_RUNPATH_SEARCH_PATHS = (
					"$(inherited)",
					"@executable_path/Frameworks",
					"@loader_path/Frameworks",
				);
				PRODUCT_BUNDLE_IDENTIFIER = "com.cjwwdev.mobile.unit-testingUITests";
				PRODUCT_NAME = "$(TARGET_NAME)";
				SWIFT_VERSION = 4.2;
				TARGETED_DEVICE_FAMILY = "1,2";
				TEST_TARGET_NAME = "unit-testing";
			};
			name = Debug;
		};
		5B6B72BB2244EAA700A344E6 /* Release */ = {
			isa = XCBuildConfiguration;
			buildSettings = {
				ALWAYS_EMBED_SWIFT_STANDARD_LIBRARIES = YES;
				CODE_SIGN_STYLE = Automatic;
				INFOPLIST_FILE = "unit-testingUITests/Info.plist";
				LD_RUNPATH_SEARCH_PATHS = (
					"$(inherited)",
					"@executable_path/Frameworks",
					"@loader_path/Frameworks",
				);
				PRODUCT_BUNDLE_IDENTIFIER = "com.cjwwdev.mobile.unit-testingUITests";
				PRODUCT_NAME = "$(TARGET_NAME)";
				SWIFT_VERSION = 4.2;
				TARGETED_DEVICE_FAMILY = "1,2";
				TEST_TARGET_NAME = "unit-testing";
			};
			name = Release;
		};
/* End XCBuildConfiguration section */

/* Begin XCConfigurationList section */
		5B6B72862244EAA400A344E6 /* Build configuration list for PBXProject "unit-testing" */ = {
			isa = XCConfigurationList;
			buildConfigurations = (
				5B6B72B12244EAA700A344E6 /* Debug */,
				5B6B72B22244EAA700A344E6 /* Release */,
			);
			defaultConfigurationIsVisible = 0;
			defaultConfigurationName = Release;
		};
		5B6B72B32244EAA700A344E6 /* Build configuration list for PBXNativeTarget "unit-testing" */ = {
			isa = XCConfigurationList;
			buildConfigurations = (
				5B6B72B42244EAA700A344E6 /* Debug */,
				5B6B72B52244EAA700A344E6 /* Release */,
			);
			defaultConfigurationIsVisible = 0;
			defaultConfigurationName = Release;
		};
		5B6B72B62244EAA700A344E6 /* Build configuration list for PBXNativeTarget "unit-testingTests" */ = {
			isa = XCConfigurationList;
			buildConfigurations = (
				5B6B72B72244EAA700A344E6 /* Debug */,
				5B6B72B82244EAA700A344E6 /* Release */,
			);
			defaultConfigurationIsVisible = 0;
			defaultConfigurationName = Release;
		};
		5B6B72B92244EAA700A344E6 /* Build configuration list for PBXNativeTarget "unit-testingUITests" */ = {
			isa = XCConfigurationList;
			buildConfigurations = (
				5B6B72BA2244EAA700A344E6 /* Debug */,
				5B6B72BB2244EAA700A344E6 /* Release */,
			);
			defaultConfigurationIsVisible = 0;
			defaultConfigurationName = Release;
		};
/* End XCConfigurationList section */
	};
	rootObject = 5B6B72832244EAA400A344E6 /* Project object */;
}
